{
    "_readme": [
        "This file locks the dependencies of your project to a known state",
        "Read more about it at http://getcomposer.org/doc/01-basic-usage.md#composer-lock-the-lock-file",
        "This file is @generated automatically"
    ],
    "hash": "f6cabf1838b86307ab37b32134efd835",
    "packages": [
        {
            "name": "hellsan631/logosdb",
            "version": "dev-master",
            "source": {
                "type": "git",
                "url": "https://github.com/hellsan631/LogosDB.git",
                "reference": "3250f7afd7fd8c57f014b1d1379091c44d5d83e9"
            },
            "dist": {
                "type": "zip",
                "url": "https://api.github.com/repos/hellsan631/LogosDB/zipball/3250f7afd7fd8c57f014b1d1379091c44d5d83e9",
                "reference": "3250f7afd7fd8c57f014b1d1379091c44d5d83e9",
                "shasum": ""
            },
            "require": {
                "ext-mcrypt": "*",
                "php": ">=5.5"
            },
            "type": "library",
            "autoload": {
                "classmap": [
                    "lib"
                ]
            },
            "notification-url": "https://packagist.org/downloads/",
            "license": [
                "MIT"
            ],
            "authors": [
                {
                    "name": "Mathew Kleppin",
                    "homepage": "http://mathew-kleppin.com/blog/"
                }
            ],
            "description": "Logos DB Object Handlers",
            "homepage": "http://mathew-kleppin.com/blog/",
            "keywords": [
                "framework"
            ],
            "time": "2014-11-22 17:51:23"
        }
    ],
    "packages-dev": [],
    "aliases": [],
    "minimum-stability": "stable",
    "stability-flags": {
        "hellsan631/logosdb": 20
    },
    "prefer-stable": false,
    "platform": [],
    "platform-dev": []
}
